# This file was autogenerated by Stack.
# You should not edit this file by hand.
# For more information, please see the documentation at:
#   https://docs.haskellstack.org/en/stable/lock_files

packages:
- completed:
    hackage: nanovg-0.8.0.0@sha256:0183b4295ccc2dfb94a7eca977fb45759e1480652578936aa7b71bb4b9626480,4742
    pantry-tree:
      size: 2558
      sha256: 0acd44b6f4f50d20bb162084895e052d9437e4de18f988c06e5acf9f85497e1c
  original:
    hackage: nanovg-0.8.0.0
- completed:
    hackage: monomer-1.0.0.2@sha256:244bd77df50a91f9ac3c83585aaf3614c8d7d0419316720ec9eb35415508c97a,14305
    pantry-tree:
      size: 13364
      sha256: 3de75083c39cb83478525de46fbd716a93ee631e36729d43b8fff462796c5dcb
  original:
    hackage: monomer-1.0.0.2
snapshots:
- completed:
    size: 565712
    url: https://raw.githubusercontent.com/commercialhaskell/stackage-snapshots/master/lts/17/6.yaml
    sha256: 4e5e581a709c88e3fe26a9ce8bf331435729bead762fb5c190064c6c5bb1b835
  original: lts-17.6
