# This file was autogenerated by Stack.
# You should not edit this file by hand.
# For more information, please see the documentation at:
#   https://docs.haskellstack.org/en/stable/lock_files

packages:
- completed:
    hackage: monomer-1.5.1.0@sha256:18e3ce60c7f5d3fae74bf5ace7515f0e252b12ccc4b71030f948e6fdc1f49a99,16741
    pantry-tree:
      sha256: 3dde2b635d1298c3b734c0b28bae8fa4956bc2ad9ef89f81bbb04ec1eeb09d0c
      size: 14513
  original:
    hackage: monomer-1.5.1.0
snapshots:
- completed:
    sha256: 1867d84255dff8c87373f5dd03e5a5cb1c10a99587e26c8793e750c54e83ffdc
    size: 639139
    url: https://raw.githubusercontent.com/commercialhaskell/stackage-snapshots/master/lts/21/0.yaml
  original: lts-21.0
